
Microsoft Visual Studio Solution File, Format Version 12.00
# Visual Studio Version 16
VisualStudioVersion = 16.0.31729.503
MinimumVisualStudioVersion = 10.0.40219.1
Project("{2150E333-8FDC-42A3-9474-1A3956D46DE8}") = "01-TrabalhandoNoConsole", "01-TrabalhandoNoConsole", "{00236F53-62D5-4608-8F3A-F5AB245A49D9}"
EndProject
Project("{9A19103F-16F7-4668-BE54-9A1E7A4F7556}") = "Exercicio1-Calculadora", "Exercicio1-Calculadora\Exercicio1-Calculadora.csproj", "{0D4E6DC9-B312-4668-BAFC-D1769630DCCF}"
EndProject
Project("{2150E333-8FDC-42A3-9474-1A3956D46DE8}") = "00-Solution Items", "00-Solution Items", "{1C247294-EC6E-4502-98CE-918DB6EEE104}"
	ProjectSection(SolutionItems) = preProject
		ReadMe.MD = ReadMe.MD
	EndProjectSection
EndProject
Project("{9A19103F-16F7-4668-BE54-9A1E7A4F7556}") = "Exercicio2-Salarios", "Exercicio2-Salarios\Exercicio2-Salarios.csproj", "{2359A70D-5623-4A56-BAC0-00A273937C35}"
EndProject
Project("{9A19103F-16F7-4668-BE54-9A1E7A4F7556}") = "LibConsole", "LibConsole\LibConsole.csproj", "{3E648AF8-B842-4780-98BF-1C7FE20BA4AE}"
EndProject
Project("{9A19103F-16F7-4668-BE54-9A1E7A4F7556}") = "Exercicio3-Multiplos3", "Exercicio3-Multiplos3\Exercicio3-Multiplos3.csproj", "{67A9E722-B2AD-4A6D-818F-B1575CBA621B}"
EndProject
Project("{9A19103F-16F7-4668-BE54-9A1E7A4F7556}") = "Exercicio4-NotasAlunos", "Exercicio4-NotasAlunos\Exercicio4-NotasAlunos.csproj", "{2569585B-C1BC-4ADB-9144-5EBD5892AE5A}"
EndProject
Project("{9A19103F-16F7-4668-BE54-9A1E7A4F7556}") = "Exercicio5-Bhaskara", "Exercicio5-Bhaskara\Exercicio5-Bhaskara.csproj", "{15E748B7-2406-46EF-91A4-900F75F949EE}"
EndProject
Project("{9A19103F-16F7-4668-BE54-9A1E7A4F7556}") = "Exercicio6-RefOut", "Exercicio6-RefOut\Exercicio6-RefOut.csproj", "{27D21259-9FD7-42F3-AA28-44B34305B330}"
EndProject
Project("{9A19103F-16F7-4668-BE54-9A1E7A4F7556}") = "Exercicio7-SomaPares", "Exercicio7-SomaPares\Exercicio7-SomaPares.csproj", "{A550D81F-4089-4406-A267-BCF2AF0D784E}"
EndProject
Project("{9A19103F-16F7-4668-BE54-9A1E7A4F7556}") = "Exercicio8-DecimaisCrescenteDecrescente", "Exercicio8-DecimaisCrescenteDecrescente\Exercicio8-DecimaisCrescenteDecrescente.csproj", "{63AF52E3-0A61-4FAC-BCC2-02B0A7F6525E}"
EndProject
Project("{9A19103F-16F7-4668-BE54-9A1E7A4F7556}") = "Exercicio9-Linq", "Exercicio9-Linq\Exercicio9-Linq.csproj", "{241A1FFB-010C-46A9-A876-5751F6A0C295}"
EndProject
Project("{2150E333-8FDC-42A3-9474-1A3956D46DE8}") = "02-Utilizando POO", "02-Utilizando POO", "{F03935F2-5255-4571-9B6F-DED6DA4D9376}"
EndProject
Project("{9A19103F-16F7-4668-BE54-9A1E7A4F7556}") = "Exercicio2-Pessoa", "Exerccicio2-Pessoa\Exercicio2-Pessoa.csproj", "{EAF11F64-4861-4EE4-AEDD-5821F2CA0650}"
EndProject
Project("{9A19103F-16F7-4668-BE54-9A1E7A4F7556}") = "Exercicio3-ContaBancaria", "Exercicio3-ContaBancaria\Exercicio3-ContaBancaria.csproj", "{163AE9A6-2FC7-44F8-9663-D910C3D57A09}"
EndProject
Project("{9A19103F-16F7-4668-BE54-9A1E7A4F7556}") = "Exercicio4-ControleRemoto", "Exercicio4-ControleRemoto\Exercicio4-ControleRemoto.csproj", "{E11EBA67-5CDA-4C90-B5AD-9816DBC4F162}"
EndProject
Project("{2150E333-8FDC-42A3-9474-1A3956D46DE8}") = "03-Trabalhando com testes", "03-Trabalhando com testes", "{E39B8720-9CEB-4C68-88D9-06DB7B8CCAF2}"
EndProject
Project("{9A19103F-16F7-4668-BE54-9A1E7A4F7556}") = "Calculadora.xUnit.Test", "Calculadora.xUnit.Test\Calculadora.xUnit.Test.csproj", "{3F4CECD2-5B82-4EDD-A79B-0EC5DE0C2995}"
EndProject
Project("{FAE04EC0-301F-11D3-BF4B-00C04F79EFBC}") = "CalculoSalario.xUnit.Test", "CalculoSalario.xUnit.Test\CalculoSalario.xUnit.Test.csproj", "{48B92404-579F-4C84-9582-DF10A4192C9B}"
EndProject
Project("{FAE04EC0-301F-11D3-BF4B-00C04F79EFBC}") = "CalculoBhaskara.NUnit.Test", "CalculoBhaskara.NUnit.Test\CalculoBhaskara.NUnit.Test.csproj", "{B04CD87F-4EDD-418F-92E5-960C0183653E}"
EndProject
Project("{FAE04EC0-301F-11D3-BF4B-00C04F79EFBC}") = "ContaBancaria.NUnit.Test", "ContaBancaria.NUnit.Test\ContaBancaria.NUnit.Test.csproj", "{AE852BF9-D65D-471A-B36C-C232FA5F7A00}"
EndProject
Global
	GlobalSection(SolutionConfigurationPlatforms) = preSolution
		Debug|Any CPU = Debug|Any CPU
		Release|Any CPU = Release|Any CPU
	EndGlobalSection
	GlobalSection(ProjectConfigurationPlatforms) = postSolution
		{0D4E6DC9-B312-4668-BAFC-D1769630DCCF}.Debug|Any CPU.ActiveCfg = Debug|Any CPU
		{0D4E6DC9-B312-4668-BAFC-D1769630DCCF}.Debug|Any CPU.Build.0 = Debug|Any CPU
		{0D4E6DC9-B312-4668-BAFC-D1769630DCCF}.Release|Any CPU.ActiveCfg = Release|Any CPU
		{0D4E6DC9-B312-4668-BAFC-D1769630DCCF}.Release|Any CPU.Build.0 = Release|Any CPU
		{2359A70D-5623-4A56-BAC0-00A273937C35}.Debug|Any CPU.ActiveCfg = Debug|Any CPU
		{2359A70D-5623-4A56-BAC0-00A273937C35}.Debug|Any CPU.Build.0 = Debug|Any CPU
		{2359A70D-5623-4A56-BAC0-00A273937C35}.Release|Any CPU.ActiveCfg = Release|Any CPU
		{2359A70D-5623-4A56-BAC0-00A273937C35}.Release|Any CPU.Build.0 = Release|Any CPU
		{3E648AF8-B842-4780-98BF-1C7FE20BA4AE}.Debug|Any CPU.ActiveCfg = Debug|Any CPU
		{3E648AF8-B842-4780-98BF-1C7FE20BA4AE}.Debug|Any CPU.Build.0 = Debug|Any CPU
		{3E648AF8-B842-4780-98BF-1C7FE20BA4AE}.Release|Any CPU.ActiveCfg = Release|Any CPU
		{3E648AF8-B842-4780-98BF-1C7FE20BA4AE}.Release|Any CPU.Build.0 = Release|Any CPU
		{67A9E722-B2AD-4A6D-818F-B1575CBA621B}.Debug|Any CPU.ActiveCfg = Debug|Any CPU
		{67A9E722-B2AD-4A6D-818F-B1575CBA621B}.Debug|Any CPU.Build.0 = Debug|Any CPU
		{67A9E722-B2AD-4A6D-818F-B1575CBA621B}.Release|Any CPU.ActiveCfg = Release|Any CPU
		{67A9E722-B2AD-4A6D-818F-B1575CBA621B}.Release|Any CPU.Build.0 = Release|Any CPU
		{2569585B-C1BC-4ADB-9144-5EBD5892AE5A}.Debug|Any CPU.ActiveCfg = Debug|Any CPU
		{2569585B-C1BC-4ADB-9144-5EBD5892AE5A}.Debug|Any CPU.Build.0 = Debug|Any CPU
		{2569585B-C1BC-4ADB-9144-5EBD5892AE5A}.Release|Any CPU.ActiveCfg = Release|Any CPU
		{2569585B-C1BC-4ADB-9144-5EBD5892AE5A}.Release|Any CPU.Build.0 = Release|Any CPU
		{15E748B7-2406-46EF-91A4-900F75F949EE}.Debug|Any CPU.ActiveCfg = Debug|Any CPU
		{15E748B7-2406-46EF-91A4-900F75F949EE}.Debug|Any CPU.Build.0 = Debug|Any CPU
		{15E748B7-2406-46EF-91A4-900F75F949EE}.Release|Any CPU.ActiveCfg = Release|Any CPU
		{15E748B7-2406-46EF-91A4-900F75F949EE}.Release|Any CPU.Build.0 = Release|Any CPU
		{27D21259-9FD7-42F3-AA28-44B34305B330}.Debug|Any CPU.ActiveCfg = Debug|Any CPU
		{27D21259-9FD7-42F3-AA28-44B34305B330}.Debug|Any CPU.Build.0 = Debug|Any CPU
		{27D21259-9FD7-42F3-AA28-44B34305B330}.Release|Any CPU.ActiveCfg = Release|Any CPU
		{27D21259-9FD7-42F3-AA28-44B34305B330}.Release|Any CPU.Build.0 = Release|Any CPU
		{A550D81F-4089-4406-A267-BCF2AF0D784E}.Debug|Any CPU.ActiveCfg = Debug|Any CPU
		{A550D81F-4089-4406-A267-BCF2AF0D784E}.Debug|Any CPU.Build.0 = Debug|Any CPU
		{A550D81F-4089-4406-A267-BCF2AF0D784E}.Release|Any CPU.ActiveCfg = Release|Any CPU
		{A550D81F-4089-4406-A267-BCF2AF0D784E}.Release|Any CPU.Build.0 = Release|Any CPU
		{63AF52E3-0A61-4FAC-BCC2-02B0A7F6525E}.Debug|Any CPU.ActiveCfg = Debug|Any CPU
		{63AF52E3-0A61-4FAC-BCC2-02B0A7F6525E}.Debug|Any CPU.Build.0 = Debug|Any CPU
		{63AF52E3-0A61-4FAC-BCC2-02B0A7F6525E}.Release|Any CPU.ActiveCfg = Release|Any CPU
		{63AF52E3-0A61-4FAC-BCC2-02B0A7F6525E}.Release|Any CPU.Build.0 = Release|Any CPU
		{241A1FFB-010C-46A9-A876-5751F6A0C295}.Debug|Any CPU.ActiveCfg = Debug|Any CPU
		{241A1FFB-010C-46A9-A876-5751F6A0C295}.Debug|Any CPU.Build.0 = Debug|Any CPU
		{241A1FFB-010C-46A9-A876-5751F6A0C295}.Release|Any CPU.ActiveCfg = Release|Any CPU
		{241A1FFB-010C-46A9-A876-5751F6A0C295}.Release|Any CPU.Build.0 = Release|Any CPU
		{EAF11F64-4861-4EE4-AEDD-5821F2CA0650}.Debug|Any CPU.ActiveCfg = Debug|Any CPU
		{EAF11F64-4861-4EE4-AEDD-5821F2CA0650}.Debug|Any CPU.Build.0 = Debug|Any CPU
		{EAF11F64-4861-4EE4-AEDD-5821F2CA0650}.Release|Any CPU.ActiveCfg = Release|Any CPU
		{EAF11F64-4861-4EE4-AEDD-5821F2CA0650}.Release|Any CPU.Build.0 = Release|Any CPU
		{163AE9A6-2FC7-44F8-9663-D910C3D57A09}.Debug|Any CPU.ActiveCfg = Debug|Any CPU
		{163AE9A6-2FC7-44F8-9663-D910C3D57A09}.Debug|Any CPU.Build.0 = Debug|Any CPU
		{163AE9A6-2FC7-44F8-9663-D910C3D57A09}.Release|Any CPU.ActiveCfg = Release|Any CPU
		{163AE9A6-2FC7-44F8-9663-D910C3D57A09}.Release|Any CPU.Build.0 = Release|Any CPU
		{E11EBA67-5CDA-4C90-B5AD-9816DBC4F162}.Debug|Any CPU.ActiveCfg = Debug|Any CPU
		{E11EBA67-5CDA-4C90-B5AD-9816DBC4F162}.Debug|Any CPU.Build.0 = Debug|Any CPU
		{E11EBA67-5CDA-4C90-B5AD-9816DBC4F162}.Release|Any CPU.ActiveCfg = Release|Any CPU
		{E11EBA67-5CDA-4C90-B5AD-9816DBC4F162}.Release|Any CPU.Build.0 = Release|Any CPU
		{3F4CECD2-5B82-4EDD-A79B-0EC5DE0C2995}.Debug|Any CPU.ActiveCfg = Debug|Any CPU
		{3F4CECD2-5B82-4EDD-A79B-0EC5DE0C2995}.Debug|Any CPU.Build.0 = Debug|Any CPU
		{3F4CECD2-5B82-4EDD-A79B-0EC5DE0C2995}.Release|Any CPU.ActiveCfg = Release|Any CPU
		{3F4CECD2-5B82-4EDD-A79B-0EC5DE0C2995}.Release|Any CPU.Build.0 = Release|Any CPU
		{48B92404-579F-4C84-9582-DF10A4192C9B}.Debug|Any CPU.ActiveCfg = Debug|Any CPU
		{48B92404-579F-4C84-9582-DF10A4192C9B}.Debug|Any CPU.Build.0 = Debug|Any CPU
		{48B92404-579F-4C84-9582-DF10A4192C9B}.Release|Any CPU.ActiveCfg = Release|Any CPU
		{48B92404-579F-4C84-9582-DF10A4192C9B}.Release|Any CPU.Build.0 = Release|Any CPU
		{B04CD87F-4EDD-418F-92E5-960C0183653E}.Debug|Any CPU.ActiveCfg = Debug|Any CPU
		{B04CD87F-4EDD-418F-92E5-960C0183653E}.Debug|Any CPU.Build.0 = Debug|Any CPU
		{B04CD87F-4EDD-418F-92E5-960C0183653E}.Release|Any CPU.ActiveCfg = Release|Any CPU
		{B04CD87F-4EDD-418F-92E5-960C0183653E}.Release|Any CPU.Build.0 = Release|Any CPU
		{AE852BF9-D65D-471A-B36C-C232FA5F7A00}.Debug|Any CPU.ActiveCfg = Debug|Any CPU
		{AE852BF9-D65D-471A-B36C-C232FA5F7A00}.Debug|Any CPU.Build.0 = Debug|Any CPU
		{AE852BF9-D65D-471A-B36C-C232FA5F7A00}.Release|Any CPU.ActiveCfg = Release|Any CPU
		{AE852BF9-D65D-471A-B36C-C232FA5F7A00}.Release|Any CPU.Build.0 = Release|Any CPU
	EndGlobalSection
	GlobalSection(SolutionProperties) = preSolution
		HideSolutionNode = FALSE
	EndGlobalSection
	GlobalSection(NestedProjects) = preSolution
		{0D4E6DC9-B312-4668-BAFC-D1769630DCCF} = {00236F53-62D5-4608-8F3A-F5AB245A49D9}
		{2359A70D-5623-4A56-BAC0-00A273937C35} = {00236F53-62D5-4608-8F3A-F5AB245A49D9}
		{3E648AF8-B842-4780-98BF-1C7FE20BA4AE} = {00236F53-62D5-4608-8F3A-F5AB245A49D9}
		{67A9E722-B2AD-4A6D-818F-B1575CBA621B} = {00236F53-62D5-4608-8F3A-F5AB245A49D9}
		{2569585B-C1BC-4ADB-9144-5EBD5892AE5A} = {00236F53-62D5-4608-8F3A-F5AB245A49D9}
		{15E748B7-2406-46EF-91A4-900F75F949EE} = {00236F53-62D5-4608-8F3A-F5AB245A49D9}
		{27D21259-9FD7-42F3-AA28-44B34305B330} = {00236F53-62D5-4608-8F3A-F5AB245A49D9}
		{A550D81F-4089-4406-A267-BCF2AF0D784E} = {00236F53-62D5-4608-8F3A-F5AB245A49D9}
		{63AF52E3-0A61-4FAC-BCC2-02B0A7F6525E} = {00236F53-62D5-4608-8F3A-F5AB245A49D9}
		{241A1FFB-010C-46A9-A876-5751F6A0C295} = {00236F53-62D5-4608-8F3A-F5AB245A49D9}
		{EAF11F64-4861-4EE4-AEDD-5821F2CA0650} = {F03935F2-5255-4571-9B6F-DED6DA4D9376}
		{163AE9A6-2FC7-44F8-9663-D910C3D57A09} = {F03935F2-5255-4571-9B6F-DED6DA4D9376}
		{E11EBA67-5CDA-4C90-B5AD-9816DBC4F162} = {F03935F2-5255-4571-9B6F-DED6DA4D9376}
		{3F4CECD2-5B82-4EDD-A79B-0EC5DE0C2995} = {E39B8720-9CEB-4C68-88D9-06DB7B8CCAF2}
		{48B92404-579F-4C84-9582-DF10A4192C9B} = {E39B8720-9CEB-4C68-88D9-06DB7B8CCAF2}
		{B04CD87F-4EDD-418F-92E5-960C0183653E} = {E39B8720-9CEB-4C68-88D9-06DB7B8CCAF2}
		{AE852BF9-D65D-471A-B36C-C232FA5F7A00} = {E39B8720-9CEB-4C68-88D9-06DB7B8CCAF2}
	EndGlobalSection
	GlobalSection(ExtensibilityGlobals) = postSolution
		SolutionGuid = {B329A4EB-E119-4F76-9F95-05B2B84ACC98}
	EndGlobalSection
EndGlobal
